
Microsoft Visual Studio Solution File, Format Version 12.00
# Visual Studio Version 17
VisualStudioVersion = 17.8.34330.188
MinimumVisualStudioVersion = 10.0.40219.1
Project("{2150E333-8FDC-42A3-9474-1A3956D46DE8}") = "FrontEnd", "FrontEnd", "{9DC9C1AA-205F-406C-ABDB-3D2FB75BE99C}"
EndProject
Project("{2150E333-8FDC-42A3-9474-1A3956D46DE8}") = "Services", "Services", "{AAC85340-50AA-4473-A551-420B814ABA47}"
EndProject
Project("{FAE04EC0-301F-11D3-BF4B-00C04F79EFBC}") = "GeekShopping.Web", "GeekShopping.Web\GeekShopping.Web.csproj", "{32E7FF1B-59B3-4D47-8F39-C7030007D8C9}"
EndProject
Project("{FAE04EC0-301F-11D3-BF4B-00C04F79EFBC}") = "GeekShopping.ProductAPI", "GeekShopping.ProductAPI\GeekShopping.ProductAPI.csproj", "{B0976D84-346B-4927-B721-513684B6BF0D}"
EndProject
Global
	GlobalSection(SolutionConfigurationPlatforms) = preSolution
		Debug|Any CPU = Debug|Any CPU
		Release|Any CPU = Release|Any CPU
	EndGlobalSection
	GlobalSection(ProjectConfigurationPlatforms) = postSolution
		{32E7FF1B-59B3-4D47-8F39-C7030007D8C9}.Debug|Any CPU.ActiveCfg = Debug|Any CPU
		{32E7FF1B-59B3-4D47-8F39-C7030007D8C9}.Debug|Any CPU.Build.0 = Debug|Any CPU
		{32E7FF1B-59B3-4D47-8F39-C7030007D8C9}.Release|Any CPU.ActiveCfg = Release|Any CPU
		{32E7FF1B-59B3-4D47-8F39-C7030007D8C9}.Release|Any CPU.Build.0 = Release|Any CPU
		{B0976D84-346B-4927-B721-513684B6BF0D}.Debug|Any CPU.ActiveCfg = Debug|Any CPU
		{B0976D84-346B-4927-B721-513684B6BF0D}.Debug|Any CPU.Build.0 = Debug|Any CPU
		{B0976D84-346B-4927-B721-513684B6BF0D}.Release|Any CPU.ActiveCfg = Release|Any CPU
		{B0976D84-346B-4927-B721-513684B6BF0D}.Release|Any CPU.Build.0 = Release|Any CPU
	EndGlobalSection
	GlobalSection(SolutionProperties) = preSolution
		HideSolutionNode = FALSE
	EndGlobalSection
	GlobalSection(NestedProjects) = preSolution
		{32E7FF1B-59B3-4D47-8F39-C7030007D8C9} = {9DC9C1AA-205F-406C-ABDB-3D2FB75BE99C}
		{B0976D84-346B-4927-B721-513684B6BF0D} = {AAC85340-50AA-4473-A551-420B814ABA47}
	EndGlobalSection
	GlobalSection(ExtensibilityGlobals) = postSolution
		SolutionGuid = {84481168-A3BA-422A-BD2E-CA96FFD10139}
	EndGlobalSection
EndGlobal
